
Microsoft Visual Studio Solution File, Format Version 12.00
# Visual Studio 2012
Project("{8BC9CEB8-8B4A-11D0-8D11-00A0C91BC942}") = "Ngin Unlimited", "Ngin Unlimited\Ngin Unlimited.vcxproj", "{60DE3680-1D57-45B4-91A5-30A079317409}"
EndProject
Global
	GlobalSection(SolutionConfigurationPlatforms) = preSolution
		Debug|Win32 = Debug|Win32
		Release|Win32 = Release|Win32
	EndGlobalSection
	GlobalSection(ProjectConfigurationPlatforms) = postSolution
		{60DE3680-1D57-45B4-91A5-30A079317409}.Debug|Win32.ActiveCfg = Debug|Win32
		{60DE3680-1D57-45B4-91A5-30A079317409}.Debug|Win32.Build.0 = Debug|Win32
		{60DE3680-1D57-45B4-91A5-30A079317409}.Release|Win32.ActiveCfg = Release|Win32
		{60DE3680-1D57-45B4-91A5-30A079317409}.Release|Win32.Build.0 = Release|Win32
	EndGlobalSection
	GlobalSection(SolutionProperties) = preSolution
		HideSolutionNode = FALSE
	EndGlobalSection
EndGlobal
