<?xml version="1.0" encoding="utf-8"?>
<Project ToolsVersion="4.0" xmlns="http://schemas.microsoft.com/developer/msbuild/2003">
  <ItemGroup>
    <ClCompile Include="..\..\..\..\src\Game.cpp">
      <Filter>Source</Filter>
    </ClCompile>
    <ClCompile Include="..\..\..\..\src\GameFactory.cpp">
      <Filter>Source</Filter>
    </ClCompile>
    <ClCompile Include="..\..\..\..\src\GameLevel.cpp">
      <Filter>Source</Filter>
    </ClCompile>
    <ClCompile Include="..\..\..\..\src\GameObject.cpp">
      <Filter>Source</Filter>
    </ClCompile>
    <ClCompile Include="..\..\..\..\src\Graphics.cpp">
      <Filter>Source</Filter>
    </ClCompile>
    <ClCompile Include="..\..\..\..\src\main.cpp">
      <Filter>Source</Filter>
    </ClCompile>
    <ClCompile Include="..\..\..\..\src\Resource.cpp">
      <Filter>Source</Filter>
    </ClCompile>
    <ClCompile Include="..\..\..\..\src\ResourceManager.cpp">
      <Filter>Source</Filter>
    </ClCompile>
    <ClCompile Include="..\..\..\..\src\Scene.cpp">
      <Filter>Source</Filter>
    </ClCompile>
    <ClCompile Include="..\..\..\..\src\Texture.cpp">
      <Filter>Source</Filter>
    </ClCompile>
    <ClCompile Include="..\..\..\..\src\Window.cpp">
      <Filter>Source</Filter>
    </ClCompile>
    <ClCompile Include="..\..\..\..\src\Input.cpp">
      <Filter>Source</Filter>
    </ClCompile>
  </ItemGroup>
  <ItemGroup>
    <ClInclude Include="..\..\..\..\include\NGin\Game.hpp">
      <Filter>Headers</Filter>
    </ClInclude>
    <ClInclude Include="..\..\..\..\include\NGin\GameFactory.hpp">
      <Filter>Headers</Filter>
    </ClInclude>
    <ClInclude Include="..\..\..\..\include\NGin\GameLevel.hpp">
      <Filter>Headers</Filter>
    </ClInclude>
    <ClInclude Include="..\..\..\..\include\NGin\GameObject.hpp">
      <Filter>Headers</Filter>
    </ClInclude>
    <ClInclude Include="..\..\..\..\include\NGin\Graphics.hpp">
      <Filter>Headers</Filter>
    </ClInclude>
    <ClInclude Include="..\..\..\..\include\NGin\NGin.hpp">
      <Filter>Headers</Filter>
    </ClInclude>
    <ClInclude Include="..\..\..\..\include\NGin\Resource.hpp">
      <Filter>Headers</Filter>
    </ClInclude>
    <ClInclude Include="..\..\..\..\include\NGin\ResourceManager.hpp">
      <Filter>Headers</Filter>
    </ClInclude>
    <ClInclude Include="..\..\..\..\include\NGin\Scene.hpp">
      <Filter>Headers</Filter>
    </ClInclude>
    <ClInclude Include="..\..\..\..\include\NGin\Texture.hpp">
      <Filter>Headers</Filter>
    </ClInclude>
    <ClInclude Include="..\..\..\..\include\NGin\Window.hpp">
      <Filter>Headers</Filter>
    </ClInclude>
    <ClInclude Include="..\..\..\..\include\NGin\Input.hpp">
      <Filter>Headers</Filter>
    </ClInclude>
  </ItemGroup>
  <ItemGroup>
    <Filter Include="Source">
      <UniqueIdentifier>{12b0f9ab-e394-4ccf-b505-9dd76eda40ad}</UniqueIdentifier>
      <Extensions>cpp;c;cc;cxx;def;odl;idl;hpj;bat;asm;asmx</Extensions>
    </Filter>
    <Filter Include="Headers">
      <UniqueIdentifier>{575728ac-e70c-42d0-8038-d2b211c0f359}</UniqueIdentifier>
      <Extensions>h;hpp;hxx;hm;inl;inc;xsd</Extensions>
    </Filter>
  </ItemGroup>
</Project>